// !$*UTF8*$!
{
	archiveVersion = 1;
	classes = {
	};
	objectVersion = 46;
	objects = {

/* Begin PBXBuildFile section */
		AF50A3EF1C21DA8F00DCC970 /* Nimble.framework in CopyFiles */ = {isa = PBXBuildFile; fileRef = AF50A3ED1C21DA8F00DCC970 /* Nimble.framework */; settings = {ATTRIBUTES = (CodeSignOnCopy, RemoveHeadersOnCopy, ); }; };
		AF50A3F01C21DA8F00DCC970 /* Quick.framework in CopyFiles */ = {isa = PBXBuildFile; fileRef = AF50A3EE1C21DA8F00DCC970 /* Quick.framework */; settings = {ATTRIBUTES = (CodeSignOnCopy, RemoveHeadersOnCopy, ); }; };
		AFEA67EE1C20AEF5007788F4 /* AppDelegate.swift in Sources */ = {isa = PBXBuildFile; fileRef = AFEA67ED1C20AEF5007788F4 /* AppDelegate.swift */; };
		AFEA67F01C20AEF5007788F4 /* ViewController.swift in Sources */ = {isa = PBXBuildFile; fileRef = AFEA67EF1C20AEF5007788F4 /* ViewController.swift */; };
		AFEA67F31C20AEF5007788F4 /* Main.storyboard in Resources */ = {isa = PBXBuildFile; fileRef = AFEA67F11C20AEF5007788F4 /* Main.storyboard */; };
		AFEA67F51C20AEF5007788F4 /* Assets.xcassets in Resources */ = {isa = PBXBuildFile; fileRef = AFEA67F41C20AEF5007788F4 /* Assets.xcassets */; };
		AFEA67F81C20AEF5007788F4 /* LaunchScreen.storyboard in Resources */ = {isa = PBXBuildFile; fileRef = AFEA67F61C20AEF5007788F4 /* LaunchScreen.storyboard */; };
		AFEA68031C20AEF5007788F4 /* CarthageTestTests.swift in Sources */ = {isa = PBXBuildFile; fileRef = AFEA68021C20AEF5007788F4 /* CarthageTestTests.swift */; };
/* End PBXBuildFile section */

/* Begin PBXContainerItemProxy section */
		AFEA67FF1C20AEF5007788F4 /* PBXContainerItemProxy */ = {
			isa = PBXContainerItemProxy;
			containerPortal = AFEA67E21C20AEF5007788F4 /* Project object */;
			proxyType = 1;
			remoteGlobalIDString = AFEA67E91C20AEF5007788F4;
			remoteInfo = CarthageTest;
		};
/* End PBXContainerItemProxy section */

/* Begin PBXCopyFilesBuildPhase section */
		AF50A3E41C21CF2800DCC970 /* CopyFiles */ = {
			isa = PBXCopyFilesBuildPhase;
			buildActionMask = 2147483647;
			dstPath = "";
			dstSubfolderSpec = 10;
			files = (
				AF50A3EF1C21DA8F00DCC970 /* Nimble.framework in CopyFiles */,
				AF50A3F01C21DA8F00DCC970 /* Quick.framework in CopyFiles */,
			);
			runOnlyForDeploymentPostprocessing = 0;
		};
/* End PBXCopyFilesBuildPhase section */

/* Begin PBXFileReference section */
		AF50A3DD1C21CAEA00DCC970 /* MyPlayground.playground */ = {isa = PBXFileReference; lastKnownFileType = file.playground; path = MyPlayground.playground; sourceTree = "<group>"; };
		AF50A3ED1C21DA8F00DCC970 /* Nimble.framework */ = {isa = PBXFileReference; lastKnownFileType = wrapper.framework; name = Nimble.framework; path = Carthage/Build/iOS/Nimble.framework; sourceTree = "<group>"; };
		AF50A3EE1C21DA8F00DCC970 /* Quick.framework */ = {isa = PBXFileReference; lastKnownFileType = wrapper.framework; name = Quick.framework; path = Carthage/Build/iOS/Quick.framework; sourceTree = "<group>"; };
		AFEA67EA1C20AEF5007788F4 /* CarthageTest.app */ = {isa = PBXFileReference; explicitFileType = wrapper.application; includeInIndex = 0; path = CarthageTest.app; sourceTree = BUILT_PRODUCTS_DIR; };
		AFEA67ED1C20AEF5007788F4 /* AppDelegate.swift */ = {isa = PBXFileReference; lastKnownFileType = sourcecode.swift; path = AppDelegate.swift; sourceTree = "<group>"; };
		AFEA67EF1C20AEF5007788F4 /* ViewController.swift */ = {isa = PBXFileReference; lastKnownFileType = sourcecode.swift; path = ViewController.swift; sourceTree = "<group>"; };
		AFEA67F21C20AEF5007788F4 /* Base */ = {isa = PBXFileReference; lastKnownFileType = file.storyboard; name = Base; path = Base.lproj/Main.storyboard; sourceTree = "<group>"; };
		AFEA67F41C20AEF5007788F4 /* Assets.xcassets */ = {isa = PBXFileReference; lastKnownFileType = folder.assetcatalog; path = Assets.xcassets; sourceTree = "<group>"; };
		AFEA67F71C20AEF5007788F4 /* Base */ = {isa = PBXFileReference; lastKnownFileType = file.storyboard; name = Base; path = Base.lproj/LaunchScreen.storyboard; sourceTree = "<group>"; };
		AFEA67F91C20AEF5007788F4 /* Info.plist */ = {isa = PBXFileReference; lastKnownFileType = text.plist.xml; path = Info.plist; sourceTree = "<group>"; };
		AFEA67FE1C20AEF5007788F4 /* CarthageTestTests.xctest */ = {isa = PBXFileReference; explicitFileType = wrapper.cfbundle; includeInIndex = 0; path = CarthageTestTests.xctest; sourceTree = BUILT_PRODUCTS_DIR; };
		AFEA68021C20AEF5007788F4 /* CarthageTestTests.swift */ = {isa = PBXFileReference; lastKnownFileType = sourcecode.swift; path = CarthageTestTests.swift; sourceTree = "<group>"; };
		AFEA68041C20AEF5007788F4 /* Info.plist */ = {isa = PBXFileReference; lastKnownFileType = text.plist.xml; path = Info.plist; sourceTree = "<group>"; };
/* End PBXFileReference section */

/* Begin PBXFrameworksBuildPhase section */
		AFEA67E71C20AEF5007788F4 /* Frameworks */ = {
			isa = PBXFrameworksBuildPhase;
			buildActionMask = 2147483647;
			files = (
			);
			runOnlyForDeploymentPostprocessing = 0;
		};
		AFEA67FB1C20AEF5007788F4 /* Frameworks */ = {
			isa = PBXFrameworksBuildPhase;
			buildActionMask = 2147483647;
			files = (
			);
			runOnlyForDeploymentPostprocessing = 0;
		};
/* End PBXFrameworksBuildPhase section */

/* Begin PBXGroup section */
		AFEA67E11C20AEF5007788F4 = {
			isa = PBXGroup;
			children = (
				AF50A3ED1C21DA8F00DCC970 /* Nimble.framework */,
				AF50A3EE1C21DA8F00DCC970 /* Quick.framework */,
				AF50A3DD1C21CAEA00DCC970 /* MyPlayground.playground */,
				AFEA67EC1C20AEF5007788F4 /* CarthageTest */,
				AFEA68011C20AEF5007788F4 /* CarthageTestTests */,
				AFEA67EB1C20AEF5007788F4 /* Products */,
			);
			sourceTree = "<group>";
		};
		AFEA67EB1C20AEF5007788F4 /* Products */ = {
			isa = PBXGroup;
			children = (
				AFEA67EA1C20AEF5007788F4 /* CarthageTest.app */,
				AFEA67FE1C20AEF5007788F4 /* CarthageTestTests.xctest */,
			);
			name = Products;
			sourceTree = "<group>";
		};
		AFEA67EC1C20AEF5007788F4 /* CarthageTest */ = {
			isa = PBXGroup;
			children = (
				AFEA67ED1C20AEF5007788F4 /* AppDelegate.swift */,
				AFEA67EF1C20AEF5007788F4 /* ViewController.swift */,
				AFEA67F11C20AEF5007788F4 /* Main.storyboard */,
				AFEA67F41C20AEF5007788F4 /* Assets.xcassets */,
				AFEA67F61C20AEF5007788F4 /* LaunchScreen.storyboard */,
				AFEA67F91C20AEF5007788F4 /* Info.plist */,
			);
			path = CarthageTest;
			sourceTree = "<group>";
		};
		AFEA68011C20AEF5007788F4 /* CarthageTestTests */ = {
			isa = PBXGroup;
			children = (
				AFEA68021C20AEF5007788F4 /* CarthageTestTests.swift */,
				AFEA68041C20AEF5007788F4 /* Info.plist */,
			);
			path = CarthageTestTests;
			sourceTree = "<group>";
		};
/* End PBXGroup section */

/* Begin PBXNativeTarget section */
		AFEA67E91C20AEF5007788F4 /* CarthageTest */ = {
			isa = PBXNativeTarget;
			buildConfigurationList = AFEA68071C20AEF5007788F4 /* Build configuration list for PBXNativeTarget "CarthageTest" */;
			buildPhases = (
				AFEA67E61C20AEF5007788F4 /* Sources */,
				AFEA67E71C20AEF5007788F4 /* Frameworks */,
				AFEA67E81C20AEF5007788F4 /* Resources */,
				AF50A3F21C21E9A900DCC970 /* Swift Linter */,
			);
			buildRules = (
			);
			dependencies = (
			);
			name = CarthageTest;
			productName = CarthageTest;
			productReference = AFEA67EA1C20AEF5007788F4 /* CarthageTest.app */;
			productType = "com.apple.product-type.application";
		};
		AFEA67FD1C20AEF5007788F4 /* CarthageTestTests */ = {
			isa = PBXNativeTarget;
			buildConfigurationList = AFEA680A1C20AEF5007788F4 /* Build configuration list for PBXNativeTarget "CarthageTestTests" */;
			buildPhases = (
				AFEA67FA1C20AEF5007788F4 /* Sources */,
				AFEA67FB1C20AEF5007788F4 /* Frameworks */,
				AFEA67FC1C20AEF5007788F4 /* Resources */,
				AF50A3E41C21CF2800DCC970 /* CopyFiles */,
			);
			buildRules = (
			);
			dependencies = (
				AFEA68001C20AEF5007788F4 /* PBXTargetDependency */,
			);
			name = CarthageTestTests;
			productName = CarthageTestTests;
			productReference = AFEA67FE1C20AEF5007788F4 /* CarthageTestTests.xctest */;
			productType = "com.apple.product-type.bundle.unit-test";
		};
/* End PBXNativeTarget section */

/* Begin PBXProject section */
		AFEA67E21C20AEF5007788F4 /* Project object */ = {
			isa = PBXProject;
			attributes = {
				LastSwiftUpdateCheck = 0710;
				LastUpgradeCheck = 0710;
				ORGANIZATIONNAME = CarrotCreative;
				TargetAttributes = {
					AFEA67E91C20AEF5007788F4 = {
						CreatedOnToolsVersion = 7.1;
					};
					AFEA67FD1C20AEF5007788F4 = {
						CreatedOnToolsVersion = 7.1;
						TestTargetID = AFEA67E91C20AEF5007788F4;
					};
				};
			};
			buildConfigurationList = AFEA67E51C20AEF5007788F4 /* Build configuration list for PBXProject "CarthageTest" */;
			compatibilityVersion = "Xcode 3.2";
			developmentRegion = English;
			hasScannedForEncodings = 0;
			knownRegions = (
				en,
				Base,
			);
			mainGroup = AFEA67E11C20AEF5007788F4;
			productRefGroup = AFEA67EB1C20AEF5007788F4 /* Products */;
			projectDirPath = "";
			projectRoot = "";
			targets = (
				AFEA67E91C20AEF5007788F4 /* CarthageTest */,
				AFEA67FD1C20AEF5007788F4 /* CarthageTestTests */,
			);
		};
/* End PBXProject section */

/* Begin PBXResourcesBuildPhase section */
		AFEA67E81C20AEF5007788F4 /* Resources */ = {
			isa = PBXResourcesBuildPhase;
			buildActionMask = 2147483647;
			files = (
				AFEA67F81C20AEF5007788F4 /* LaunchScreen.storyboard in Resources */,
				AFEA67F51C20AEF5007788F4 /* Assets.xcassets in Resources */,
				AFEA67F31C20AEF5007788F4 /* Main.storyboard in Resources */,
			);
			runOnlyForDeploymentPostprocessing = 0;
		};
		AFEA67FC1C20AEF5007788F4 /* Resources */ = {
			isa = PBXResourcesBuildPhase;
			buildActionMask = 2147483647;
			files = (
			);
			runOnlyForDeploymentPostprocessing = 0;
		};
/* End PBXResourcesBuildPhase section */

/* Begin PBXShellScriptBuildPhase section */
		AF50A3F21C21E9A900DCC970 /* Swift Linter */ = {
			isa = PBXShellScriptBuildPhase;
			buildActionMask = 2147483647;
			files = (
			);
			inputPaths = (
			);
			name = "Swift Linter";
			outputPaths = (
			);
			runOnlyForDeploymentPostprocessing = 0;
			shellPath = /bin/sh;
			shellScript = "if which swiftlint >/dev/null; then\n    swiftlint\nelse\n    echo \"SwiftLint does not exist, download from https://github.com/realm/SwiftLint\"\nfi";
		};
/* End PBXShellScriptBuildPhase section */

/* Begin PBXSourcesBuildPhase section */
		AFEA67E61C20AEF5007788F4 /* Sources */ = {
			isa = PBXSourcesBuildPhase;
			buildActionMask = 2147483647;
			files = (
				AFEA67F01C20AEF5007788F4 /* ViewController.swift in Sources */,
				AFEA67EE1C20AEF5007788F4 /* AppDelegate.swift in Sources */,
			);
			runOnlyForDeploymentPostprocessing = 0;
		};
		AFEA67FA1C20AEF5007788F4 /* Sources */ = {
			isa = PBXSourcesBuildPhase;
			buildActionMask = 2147483647;
			files = (
				AFEA68031C20AEF5007788F4 /* CarthageTestTests.swift in Sources */,
			);
			runOnlyForDeploymentPostprocessing = 0;
		};
/* End PBXSourcesBuildPhase section */

/* Begin PBXTargetDependency section */
		AFEA68001C20AEF5007788F4 /* PBXTargetDependency */ = {
			isa = PBXTargetDependency;
			target = AFEA67E91C20AEF5007788F4 /* CarthageTest */;
			targetProxy = AFEA67FF1C20AEF5007788F4 /* PBXContainerItemProxy */;
		};
/* End PBXTargetDependency section */

/* Begin PBXVariantGroup section */
		AFEA67F11C20AEF5007788F4 /* Main.storyboard */ = {
			isa = PBXVariantGroup;
			children = (
				AFEA67F21C20AEF5007788F4 /* Base */,
			);
			name = Main.storyboard;
			sourceTree = "<group>";
		};
		AFEA67F61C20AEF5007788F4 /* LaunchScreen.storyboard */ = {
			isa = PBXVariantGroup;
			children = (
				AFEA67F71C20AEF5007788F4 /* Base */,
			);
			name = LaunchScreen.storyboard;
			sourceTree = "<group>";
		};
/* End PBXVariantGroup section */

/* Begin XCBuildConfiguration section */
		AFEA68051C20AEF5007788F4 /* Debug */ = {
			isa = XCBuildConfiguration;
			buildSettings = {
				ALWAYS_SEARCH_USER_PATHS = NO;
				CLANG_CXX_LANGUAGE_STANDARD = "gnu++0x";
				CLANG_CXX_LIBRARY = "libc++";
				CLANG_ENABLE_MODULES = YES;
				CLANG_ENABLE_OBJC_ARC = YES;
				CLANG_WARN_BOOL_CONVERSION = YES;
				CLANG_WARN_CONSTANT_CONVERSION = YES;
				CLANG_WARN_DIRECT_OBJC_ISA_USAGE = YES_ERROR;
				CLANG_WARN_EMPTY_BODY = YES;
				CLANG_WARN_ENUM_CONVERSION = YES;
				CLANG_WARN_INT_CONVERSION = YES;
				CLANG_WARN_OBJC_ROOT_CLASS = YES_ERROR;
				CLANG_WARN_UNREACHABLE_CODE = YES;
				CLANG_WARN__DUPLICATE_METHOD_MATCH = YES;
				"CODE_SIGN_IDENTITY[sdk=iphoneos*]" = "iPhone Developer";
				COPY_PHASE_STRIP = NO;
				DEBUG_INFORMATION_FORMAT = dwarf;
				ENABLE_STRICT_OBJC_MSGSEND = YES;
				ENABLE_TESTABILITY = YES;
				GCC_C_LANGUAGE_STANDARD = gnu99;
				GCC_DYNAMIC_NO_PIC = NO;
				GCC_NO_COMMON_BLOCKS = YES;
				GCC_OPTIMIZATION_LEVEL = 0;
				GCC_PREPROCESSOR_DEFINITIONS = (
					"DEBUG=1",
					"$(inherited)",
				);
				GCC_WARN_64_TO_32_BIT_CONVERSION = YES;
				GCC_WARN_ABOUT_RETURN_TYPE = YES_ERROR;
				GCC_WARN_UNDECLARED_SELECTOR = YES;
				GCC_WARN_UNINITIALIZED_AUTOS = YES_AGGRESSIVE;
				GCC_WARN_UNUSED_FUNCTION = YES;
				GCC_WARN_UNUSED_VARIABLE = YES;
				IPHONEOS_DEPLOYMENT_TARGET = 9.1;
				MTL_ENABLE_DEBUG_INFO = YES;
				ONLY_ACTIVE_ARCH = YES;
				SDKROOT = iphoneos;
				SWIFT_OPTIMIZATION_LEVEL = "-Onone";
			};
			name = Debug;
		};
		AFEA68061C20AEF5007788F4 /* Release */ = {
			isa = XCBuildConfiguration;
			buildSettings = {
				ALWAYS_SEARCH_USER_PATHS = NO;
				CLANG_CXX_LANGUAGE_STANDARD = "gnu++0x";
				CLANG_CXX_LIBRARY = "libc++";
				CLANG_ENABLE_MODULES = YES;
				CLANG_ENABLE_OBJC_ARC = YES;
				CLANG_WARN_BOOL_CONVERSION = YES;
				CLANG_WARN_CONSTANT_CONVERSION = YES;
				CLANG_WARN_DIRECT_OBJC_ISA_USAGE = YES_ERROR;
				CLANG_WARN_EMPTY_BODY = YES;
				CLANG_WARN_ENUM_CONVERSION = YES;
				CLANG_WARN_INT_CONVERSION = YES;
				CLANG_WARN_OBJC_ROOT_CLASS = YES_ERROR;
				CLANG_WARN_UNREACHABLE_CODE = YES;
				CLANG_WARN__DUPLICATE_METHOD_MATCH = YES;
				"CODE_SIGN_IDENTITY[sdk=iphoneos*]" = "iPhone Developer";
				COPY_PHASE_STRIP = NO;
				DEBUG_INFORMATION_FORMAT = "dwarf-with-dsym";
				ENABLE_NS_ASSERTIONS = NO;
				ENABLE_STRICT_OBJC_MSGSEND = YES;
				GCC_C_LANGUAGE_STANDARD = gnu99;
				GCC_NO_COMMON_BLOCKS = YES;
				GCC_WARN_64_TO_32_BIT_CONVERSION = YES;
				GCC_WARN_ABOUT_RETURN_TYPE = YES_ERROR;
				GCC_WARN_UNDECLARED_SELECTOR = YES;
				GCC_WARN_UNINITIALIZED_AUTOS = YES_AGGRESSIVE;
				GCC_WARN_UNUSED_FUNCTION = YES;
				GCC_WARN_UNUSED_VARIABLE = YES;
				IPHONEOS_DEPLOYMENT_TARGET = 9.1;
				MTL_ENABLE_DEBUG_INFO = NO;
				SDKROOT = iphoneos;
				VALIDATE_PRODUCT = YES;
			};
			name = Release;
		};
		AFEA68081C20AEF5007788F4 /* Debug */ = {
			isa = XCBuildConfiguration;
			buildSettings = {
				ASSETCATALOG_COMPILER_APPICON_NAME = AppIcon;
				FRAMEWORK_SEARCH_PATHS = (
					"$(inherited)",
					"$(PROJECT_DIR)/Carthage/Build/iOS",
				);
				INFOPLIST_FILE = CarthageTest/Info.plist;
				LD_RUNPATH_SEARCH_PATHS = "$(inherited) @executable_path/Frameworks";
				PRODUCT_BUNDLE_IDENTIFIER = com.carrotcreative.CarthageTest;
				PRODUCT_NAME = "$(TARGET_NAME)";
			};
			name = Debug;
		};
		AFEA68091C20AEF5007788F4 /* Release */ = {
			isa = XCBuildConfiguration;
			buildSettings = {
				ASSETCATALOG_COMPILER_APPICON_NAME = AppIcon;
				FRAMEWORK_SEARCH_PATHS = (
					"$(inherited)",
					"$(PROJECT_DIR)/Carthage/Build/iOS",
				);
				INFOPLIST_FILE = CarthageTest/Info.plist;
				LD_RUNPATH_SEARCH_PATHS = "$(inherited) @executable_path/Frameworks";
				PRODUCT_BUNDLE_IDENTIFIER = com.carrotcreative.CarthageTest;
				PRODUCT_NAME = "$(TARGET_NAME)";
			};
			name = Release;
		};
		AFEA680B1C20AEF5007788F4 /* Debug */ = {
			isa = XCBuildConfiguration;
			buildSettings = {
				BUNDLE_LOADER = "$(TEST_HOST)";
				FRAMEWORK_SEARCH_PATHS = (
					"$(inherited)",
					"$(PROJECT_DIR)/Carthage/Build/iOS",
				);
				INFOPLIST_FILE = CarthageTestTests/Info.plist;
				LD_RUNPATH_SEARCH_PATHS = "$(inherited) @executable_path/Frameworks @loader_path/Frameworks";
				PRODUCT_BUNDLE_IDENTIFIER = com.carrotcreative.CarthageTestTests;
				PRODUCT_NAME = "$(TARGET_NAME)";
				TEST_HOST = "$(BUILT_PRODUCTS_DIR)/CarthageTest.app/CarthageTest";
			};
			name = Debug;
		};
		AFEA680C1C20AEF5007788F4 /* Release */ = {
			isa = XCBuildConfiguration;
			buildSettings = {
				BUNDLE_LOADER = "$(TEST_HOST)";
				FRAMEWORK_SEARCH_PATHS = (
					"$(inherited)",
					"$(PROJECT_DIR)/Carthage/Build/iOS",
				);
				INFOPLIST_FILE = CarthageTestTests/Info.plist;
				LD_RUNPATH_SEARCH_PATHS = "$(inherited) @executable_path/Frameworks @loader_path/Frameworks";
				PRODUCT_BUNDLE_IDENTIFIER = com.carrotcreative.CarthageTestTests;
				PRODUCT_NAME = "$(TARGET_NAME)";
				TEST_HOST = "$(BUILT_PRODUCTS_DIR)/CarthageTest.app/CarthageTest";
			};
			name = Release;
		};
/* End XCBuildConfiguration section */

/* Begin XCConfigurationList section */
		AFEA67E51C20AEF5007788F4 /* Build configuration list for PBXProject "CarthageTest" */ = {
			isa = XCConfigurationList;
			buildConfigurations = (
				AFEA68051C20AEF5007788F4 /* Debug */,
				AFEA68061C20AEF5007788F4 /* Release */,
			);
			defaultConfigurationIsVisible = 0;
			defaultConfigurationName = Release;
		};
		AFEA68071C20AEF5007788F4 /* Build configuration list for PBXNativeTarget "CarthageTest" */ = {
			isa = XCConfigurationList;
			buildConfigurations = (
				AFEA68081C20AEF5007788F4 /* Debug */,
				AFEA68091C20AEF5007788F4 /* Release */,
			);
			defaultConfigurationIsVisible = 0;
			defaultConfigurationName = Release;
		};
		AFEA680A1C20AEF5007788F4 /* Build configuration list for PBXNativeTarget "CarthageTestTests" */ = {
			isa = XCConfigurationList;
			buildConfigurations = (
				AFEA680B1C20AEF5007788F4 /* Debug */,
				AFEA680C1C20AEF5007788F4 /* Release */,
			);
			defaultConfigurationIsVisible = 0;
			defaultConfigurationName = Release;
		};
/* End XCConfigurationList section */
	};
	rootObject = AFEA67E21C20AEF5007788F4 /* Project object */;
}
